
Microsoft Visual Studio Solution File, Format Version 12.00
# Visual Studio Version 17
VisualStudioVersion = 17.14.36429.23
MinimumVisualStudioVersion = 10.0.40219.1
Project("{FAE04EC0-301F-11D3-BF4B-00C04F79EFBC}") = "QLSV.GUI", "QLSV.GUI\QLSV.GUI.csproj", "{92C1DA9B-5F0E-4F61-A34D-23339A6B9453}"
EndProject
Project("{FAE04EC0-301F-11D3-BF4B-00C04F79EFBC}") = "QLSV.BUS", "QLSV.BUS\QLSV.BUS.csproj", "{50995D92-7503-4975-9FA4-808D143118D9}"
EndProject
Global
	GlobalSection(SolutionConfigurationPlatforms) = preSolution
		Debug|Any CPU = Debug|Any CPU
		Release|Any CPU = Release|Any CPU
	EndGlobalSection
	GlobalSection(ProjectConfigurationPlatforms) = postSolution
		{92C1DA9B-5F0E-4F61-A34D-23339A6B9453}.Debug|Any CPU.ActiveCfg = Debug|Any CPU
		{92C1DA9B-5F0E-4F61-A34D-23339A6B9453}.Debug|Any CPU.Build.0 = Debug|Any CPU
		{92C1DA9B-5F0E-4F61-A34D-23339A6B9453}.Release|Any CPU.ActiveCfg = Release|Any CPU
		{92C1DA9B-5F0E-4F61-A34D-23339A6B9453}.Release|Any CPU.Build.0 = Release|Any CPU
		{50995D92-7503-4975-9FA4-808D143118D9}.Debug|Any CPU.ActiveCfg = Debug|Any CPU
		{50995D92-7503-4975-9FA4-808D143118D9}.Debug|Any CPU.Build.0 = Debug|Any CPU
		{50995D92-7503-4975-9FA4-808D143118D9}.Release|Any CPU.ActiveCfg = Release|Any CPU
		{50995D92-7503-4975-9FA4-808D143118D9}.Release|Any CPU.Build.0 = Release|Any CPU
	EndGlobalSection
	GlobalSection(SolutionProperties) = preSolution
		HideSolutionNode = FALSE
	EndGlobalSection
	GlobalSection(ExtensibilityGlobals) = postSolution
		SolutionGuid = {3007E59E-EAD2-41C6-ACD4-45E05376BEE5}
	EndGlobalSection
EndGlobal
